
Microsoft Visual Studio Solution File, Format Version 12.00
# Visual Studio Version 16
VisualStudioVersion = 16.0.30523.141
MinimumVisualStudioVersion = 10.0.40219.1
Project("{FAE04EC0-301F-11D3-BF4B-00C04F79EFBC}") = "WA_Proyecto_Chamba-Search", "WA_Proyecto_Chamba-Search\WA_Proyecto_Chamba-Search.csproj", "{68AFE3F5-DE48-4DBB-BF8C-C51004ED065D}"
EndProject
Global
	GlobalSection(SolutionConfigurationPlatforms) = preSolution
		Debug|Any CPU = Debug|Any CPU
		Release|Any CPU = Release|Any CPU
	EndGlobalSection
	GlobalSection(ProjectConfigurationPlatforms) = postSolution
		{68AFE3F5-DE48-4DBB-BF8C-C51004ED065D}.Debug|Any CPU.ActiveCfg = Debug|Any CPU
		{68AFE3F5-DE48-4DBB-BF8C-C51004ED065D}.Debug|Any CPU.Build.0 = Debug|Any CPU
		{68AFE3F5-DE48-4DBB-BF8C-C51004ED065D}.Release|Any CPU.ActiveCfg = Release|Any CPU
		{68AFE3F5-DE48-4DBB-BF8C-C51004ED065D}.Release|Any CPU.Build.0 = Release|Any CPU
	EndGlobalSection
	GlobalSection(SolutionProperties) = preSolution
		HideSolutionNode = FALSE
	EndGlobalSection
	GlobalSection(ExtensibilityGlobals) = postSolution
		SolutionGuid = {D0176480-141A-4C48-89A0-A9B146AB08A3}
	EndGlobalSection
EndGlobal
